
Microsoft Visual Studio Solution File, Format Version 12.00
# Visual Studio Version 16
VisualStudioVersion = 16.0.29613.14
MinimumVisualStudioVersion = 10.0.40219.1
Project("{FAE04EC0-301F-11D3-BF4B-00C04F79EFBC}") = "FileUploaderAPI", "FileUploaderAPI.csproj", "{BE26DAA9-1510-4A4A-AD00-984527810BB6}"
EndProject
Global
	GlobalSection(SolutionConfigurationPlatforms) = preSolution
		Debug|Any CPU = Debug|Any CPU
		Release|Any CPU = Release|Any CPU
	EndGlobalSection
	GlobalSection(ProjectConfigurationPlatforms) = postSolution
		{BE26DAA9-1510-4A4A-AD00-984527810BB6}.Debug|Any CPU.ActiveCfg = Debug|Any CPU
		{BE26DAA9-1510-4A4A-AD00-984527810BB6}.Debug|Any CPU.Build.0 = Debug|Any CPU
		{BE26DAA9-1510-4A4A-AD00-984527810BB6}.Release|Any CPU.ActiveCfg = Release|Any CPU
		{BE26DAA9-1510-4A4A-AD00-984527810BB6}.Release|Any CPU.Build.0 = Release|Any CPU
	EndGlobalSection
	GlobalSection(SolutionProperties) = preSolution
		HideSolutionNode = FALSE
	EndGlobalSection
	GlobalSection(ExtensibilityGlobals) = postSolution
		SolutionGuid = {659B5914-2093-4A00-B42E-2FA024072E54}
	EndGlobalSection
EndGlobal
